
Microsoft Visual Studio Solution File, Format Version 12.00
# Visual Studio Version 16
VisualStudioVersion = 16.0.31624.102
MinimumVisualStudioVersion = 10.0.40219.1
Project("{FAE04EC0-301F-11D3-BF4B-00C04F79EFBC}") = "ProjectCAA_Airlines", "ProjectCAA_Airlines.csproj", "{51E11D81-0F40-4F1C-AD0B-C59FD247B792}"
EndProject
Global
	GlobalSection(SolutionConfigurationPlatforms) = preSolution
		Debug|Any CPU = Debug|Any CPU
		Release|Any CPU = Release|Any CPU
	EndGlobalSection
	GlobalSection(ProjectConfigurationPlatforms) = postSolution
		{51E11D81-0F40-4F1C-AD0B-C59FD247B792}.Debug|Any CPU.ActiveCfg = Debug|Any CPU
		{51E11D81-0F40-4F1C-AD0B-C59FD247B792}.Debug|Any CPU.Build.0 = Debug|Any CPU
		{51E11D81-0F40-4F1C-AD0B-C59FD247B792}.Release|Any CPU.ActiveCfg = Release|Any CPU
		{51E11D81-0F40-4F1C-AD0B-C59FD247B792}.Release|Any CPU.Build.0 = Release|Any CPU
	EndGlobalSection
	GlobalSection(SolutionProperties) = preSolution
		HideSolutionNode = FALSE
	EndGlobalSection
	GlobalSection(ExtensibilityGlobals) = postSolution
		SolutionGuid = {B7C308BC-BE0D-4CB7-ADB6-124A29D7801A}
	EndGlobalSection
EndGlobal
